lockfileVersion: '9.0'

settings:
  autoInstallPeers: true
  excludeLinksFromLockfile: false

importers:

  .:
    dependencies:
      '@sourcegraph/amp-sdk':
        specifier: 0.1.0-3e67faf1b0e66cf0d3bf2985979efbcac0554a79
        version: 0.1.0-3e67faf1b0e66cf0d3bf2985979efbcac0554a79
    devDependencies:
      '@types/node':
        specifier: ^24.8.1
        version: 24.8.1
      typescript:
        specifier: ^5.6.3
        version: 5.9.3

packages:

  '@napi-rs/keyring-darwin-arm64@1.1.9':
    resolution: {integrity: sha512-/lVnrSFrut+8pQC6IcqlfHKzcEmf2XvQDOZPB5X4vI23GrNXBd56EuBlFPdTBtx46A8Bn+Aqi6pS8cnprHtcCw==}
    engines: {node: '>= 10'}
    cpu: [arm64]
    os: [darwin]

  '@napi-rs/keyring-darwin-x64@1.1.9':
    resolution: {integrity: sha512-G3PiFZTAFTzUnpSB31A/UaPjl48/3sDTLmLxaAZBEk7HcOyBnL31gA1YqhDCO7F2y5sD5TWiFiuID9MyqYOcjw==}
    engines: {node: '>= 10'}
    cpu: [x64]
    os: [darwin]

  '@napi-rs/keyring-freebsd-x64@1.1.9':
    resolution: {integrity: sha512-R4XbvRhEzQyOy4yM+SMDgk8BgkLPkIzXGwR6QR0wJ2YrPeBx3F2TrgdHfsIGSn/X5Axg/2UlrCiZVciZ5BmusA==}
    engines: {node: '>= 10'}
    cpu: [x64]
    os: [freebsd]

  '@napi-rs/keyring-linux-arm-gnueabihf@1.1.9':
    resolution: {integrity: sha512-UrKy110I+zQyBtw4HLVUqZ1jDq11K3PmQIYgWAJNwB5VQOj4IQ63zLxk4V01Jx4bNOJmGNlvHDJUAyh/lC5Yww==}
    engines: {node: '>= 10'}
    cpu: [arm]
    os: [linux]

  '@napi-rs/keyring-linux-arm64-gnu@1.1.9':
    resolution: {integrity: sha512-yOrhVpNGexDYzybe3dhmHQRPBDjlZPtJDE+eGSi1JwEqYlWDB+4IWjRsetxnO63DhnMFRLeMTdwWghsYrA7VwA==}
    engines: {node: '>= 10'}
    cpu: [arm64]
    os: [linux]

  '@napi-rs/keyring-linux-arm64-musl@1.1.9':
    resolution: {integrity: sha512-82EcuzoV/+Dxwi1HHhrEEprN5Ou7OsRKyTJSaRqiVuGvLaQDUhZX/4zXTTh4Pz24m22Q4aoJogafS31w8iKGGw==}
    engines: {node: '>= 10'}
    cpu: [arm64]
    os: [linux]

  '@napi-rs/keyring-linux-riscv64-gnu@1.1.9':
    resolution: {integrity: sha512-Q1ar7DszC1X8FW6w7Ql7b72GFeAUxkTiOuxXChCFBy7eWCQSDrr52ZLroIowp82RmkQLZebnK+IwSssD2Ntoag==}
    engines: {node: '>= 10'}
    cpu: [riscv64]
    os: [linux]

  '@napi-rs/keyring-linux-x64-gnu@1.1.9':
    resolution: {integrity: sha512-LMvrYt1ho3pEDECssA7ATbcMDgayEUwwSD+UfrC7Hj1+C6dlvipwt5njwUDCno2OeXbjjisCo4CR9fDmXa4sZA==}
    engines: {node: '>= 10'}
    cpu: [x64]
    os: [linux]

  '@napi-rs/keyring-linux-x64-musl@1.1.9':
    resolution: {integrity: sha512-x2i/TgS2/fM+6LRj1MrtVC580sepz5GcxbSCXpttx2H58uZKBF0vVM9HDPHoKP2w5++fyrA17eltJNYN3Ob46A==}
    engines: {node: '>= 10'}
    cpu: [x64]
    os: [linux]

  '@napi-rs/keyring-win32-arm64-msvc@1.1.9':
    resolution: {integrity: sha512-14t6p8CTBNfGzLO5LXqurT+pAOf/ocGjOM/qiG/LW+jPkhyJYBNI9e3HKq3QX+ObbnxVpt4fAY02b4XLt7EWig==}
    engines: {node: '>= 10'}
    cpu: [arm64]
    os: [win32]

  '@napi-rs/keyring-win32-ia32-msvc@1.1.9':
    resolution: {integrity: sha512-7+7aXz5op6PtOnWYcK1GYXWQlk2zfpdPt9taLqmCCVpk1g4m3Gw1wyKyQxjrg9clHWdNhdWxhFEA0osDxG8/Eg==}
    engines: {node: '>= 10'}
    cpu: [ia32]
    os: [win32]

  '@napi-rs/keyring-win32-x64-msvc@1.1.9':
    resolution: {integrity: sha512-P1wsSrSqDqvcXLL7yiH2RsO3De65wuEQj1ZjV9s1MHfEP5dIdriNYZfFsRBlOsl32GoK3qFzsuH5DTVviGEHSw==}
    engines: {node: '>= 10'}
    cpu: [x64]
    os: [win32]

  '@napi-rs/keyring@1.1.9':
    resolution: {integrity: sha512-qjg04yaJ/gFqgG7wDqLlWBvZpsjvYDtwL+xOr2vSM2JrhojuIKsw7pH013U7xJOradTVGeQqhwqgZtt2IblgOw==}
    engines: {node: '>= 10'}

  '@sourcegraph/amp-sdk@0.1.0-3e67faf1b0e66cf0d3bf2985979efbcac0554a79':
    resolution: {integrity: sha512-dzPhMcs3Dn70zEfd/fk+E1mK+CrPpot7jylQJhTBcsVVogtN5eTpZtKUPwllXvyBUN328RnPOQnFn+dZkV7fFg==}
    engines: {node: '>=18'}

  '@sourcegraph/amp@0.0.1759502872-g3e67fa':
    resolution: {integrity: sha512-Z74bNMy8g8aB6pNETuK22joj0RFwysE8/NtYZbSbt8HH01qX+kysEqkkKSVnbwj0X5OLsneIhI8pGdfIVzPDZw==}
    engines: {node: '>=20'}
    hasBin: true

  '@types/node@24.8.1':
    resolution: {integrity: sha512-alv65KGRadQVfVcG69MuB4IzdYVpRwMG/mq8KWOaoOdyY617P5ivaDiMCGOFDWD2sAn5Q0mR3mRtUOgm99hL9Q==}

  typescript@5.9.3:
    resolution: {integrity: sha512-jl1vZzPDinLr9eUt3J/t7V6FgNEw9QjvBPdysz9KfQDD41fQrC2Y4vKQdiaUpFT4bXlb1RHhLpp8wtm6M5TgSw==}
    engines: {node: '>=14.17'}
    hasBin: true

  undici-types@7.14.0:
    resolution: {integrity: sha512-QQiYxHuyZ9gQUIrmPo3IA+hUl4KYk8uSA7cHrcKd/l3p1OTpZcM0Tbp9x7FAtXdAYhlasd60ncPpgu6ihG6TOA==}

  zod@3.25.76:
    resolution: {integrity: sha512-gzUt/qt81nXsFGKIFcC3YnfEAx5NkunCfnDlvuBSSFS02bcXu4Lmea0AFIUwbLWxWPx3d9p8S5QoaujKcNQxcQ==}

snapshots:

  '@napi-rs/keyring-darwin-arm64@1.1.9':
    optional: true

  '@napi-rs/keyring-darwin-x64@1.1.9':
    optional: true

  '@napi-rs/keyring-freebsd-x64@1.1.9':
    optional: true

  '@napi-rs/keyring-linux-arm-gnueabihf@1.1.9':
    optional: true

  '@napi-rs/keyring-linux-arm64-gnu@1.1.9':
    optional: true

  '@napi-rs/keyring-linux-arm64-musl@1.1.9':
    optional: true

  '@napi-rs/keyring-linux-riscv64-gnu@1.1.9':
    optional: true

  '@napi-rs/keyring-linux-x64-gnu@1.1.9':
    optional: true

  '@napi-rs/keyring-linux-x64-musl@1.1.9':
    optional: true

  '@napi-rs/keyring-win32-arm64-msvc@1.1.9':
    optional: true

  '@napi-rs/keyring-win32-ia32-msvc@1.1.9':
    optional: true

  '@napi-rs/keyring-win32-x64-msvc@1.1.9':
    optional: true

  '@napi-rs/keyring@1.1.9':
    optionalDependencies:
      '@napi-rs/keyring-darwin-arm64': 1.1.9
      '@napi-rs/keyring-darwin-x64': 1.1.9
      '@napi-rs/keyring-freebsd-x64': 1.1.9
      '@napi-rs/keyring-linux-arm-gnueabihf': 1.1.9
      '@napi-rs/keyring-linux-arm64-gnu': 1.1.9
      '@napi-rs/keyring-linux-arm64-musl': 1.1.9
      '@napi-rs/keyring-linux-riscv64-gnu': 1.1.9
      '@napi-rs/keyring-linux-x64-gnu': 1.1.9
      '@napi-rs/keyring-linux-x64-musl': 1.1.9
      '@napi-rs/keyring-win32-arm64-msvc': 1.1.9
      '@napi-rs/keyring-win32-ia32-msvc': 1.1.9
      '@napi-rs/keyring-win32-x64-msvc': 1.1.9

  '@sourcegraph/amp-sdk@0.1.0-3e67faf1b0e66cf0d3bf2985979efbcac0554a79':
    dependencies:
      '@sourcegraph/amp': 0.0.1759502872-g3e67fa
      zod: 3.25.76

  '@sourcegraph/amp@0.0.1759502872-g3e67fa':
    dependencies:
      '@napi-rs/keyring': 1.1.9

  '@types/node@24.8.1':
    dependencies:
      undici-types: 7.14.0

  typescript@5.9.3: {}

  undici-types@7.14.0: {}

  zod@3.25.76: {}
